
Microsoft Visual Studio Solution File, Format Version 12.00
# Visual Studio Version 16
VisualStudioVersion = 25.0.1706.7
MinimumVisualStudioVersion = 10.0.40219.1
Project("{FAE04EC0-301F-11D3-BF4B-00C04F79EFBC}") = "gitCommitok", "gitCommitok\gitCommitok.csproj", "{244D0911-9566-4EED-A072-9F025E11F421}"
EndProject
Global
	GlobalSection(SolutionConfigurationPlatforms) = preSolution
		Debug|Any CPU = Debug|Any CPU
		Release|Any CPU = Release|Any CPU
	EndGlobalSection
	GlobalSection(ProjectConfigurationPlatforms) = postSolution
		{244D0911-9566-4EED-A072-9F025E11F421}.Debug|Any CPU.ActiveCfg = Debug|Any CPU
		{244D0911-9566-4EED-A072-9F025E11F421}.Debug|Any CPU.Build.0 = Debug|Any CPU
		{244D0911-9566-4EED-A072-9F025E11F421}.Release|Any CPU.ActiveCfg = Release|Any CPU
		{244D0911-9566-4EED-A072-9F025E11F421}.Release|Any CPU.Build.0 = Release|Any CPU
	EndGlobalSection
	GlobalSection(SolutionProperties) = preSolution
		HideSolutionNode = FALSE
	EndGlobalSection
	GlobalSection(ExtensibilityGlobals) = postSolution
		SolutionGuid = {C8EAECE2-1BAB-4800-99CC-DBB6F8376430}
	EndGlobalSection
EndGlobal
